
Microsoft Visual Studio Solution File, Format Version 12.00
# Visual Studio Version 17
VisualStudioVersion = 17.3.32929.385
MinimumVisualStudioVersion = 10.0.40219.1
Project("{FAE04EC0-301F-11D3-BF4B-00C04F79EFBC}") = "BPtD_Lab5", "BPtD_Lab5\BPtD_Lab5.csproj", "{BDE8B10C-B70E-4E1A-933B-773C90999A66}"
EndProject
Global
	GlobalSection(SolutionConfigurationPlatforms) = preSolution
		Debug|Any CPU = Debug|Any CPU
		Release|Any CPU = Release|Any CPU
	EndGlobalSection
	GlobalSection(ProjectConfigurationPlatforms) = postSolution
		{BDE8B10C-B70E-4E1A-933B-773C90999A66}.Debug|Any CPU.ActiveCfg = Debug|Any CPU
		{BDE8B10C-B70E-4E1A-933B-773C90999A66}.Debug|Any CPU.Build.0 = Debug|Any CPU
		{BDE8B10C-B70E-4E1A-933B-773C90999A66}.Release|Any CPU.ActiveCfg = Release|Any CPU
		{BDE8B10C-B70E-4E1A-933B-773C90999A66}.Release|Any CPU.Build.0 = Release|Any CPU
	EndGlobalSection
	GlobalSection(SolutionProperties) = preSolution
		HideSolutionNode = FALSE
	EndGlobalSection
	GlobalSection(ExtensibilityGlobals) = postSolution
		SolutionGuid = {C3D257D8-A3B8-4C4A-BB6B-37BAD90C911A}
	EndGlobalSection
EndGlobal
